
Microsoft Visual Studio Solution File, Format Version 12.00
# Visual Studio Version 17
VisualStudioVersion = 17.8.34511.84
MinimumVisualStudioVersion = 10.0.40219.1
Project("{FAE04EC0-301F-11D3-BF4B-00C04F79EFBC}") = "AppGoalBit", "AppGoalBit\AppGoalBit.csproj", "{45BBB839-301C-49CA-B269-55AEC491B70D}"
EndProject
Global
	GlobalSection(SolutionConfigurationPlatforms) = preSolution
		Debug|Any CPU = Debug|Any CPU
		Release|Any CPU = Release|Any CPU
	EndGlobalSection
	GlobalSection(ProjectConfigurationPlatforms) = postSolution
		{45BBB839-301C-49CA-B269-55AEC491B70D}.Debug|Any CPU.ActiveCfg = Debug|Any CPU
		{45BBB839-301C-49CA-B269-55AEC491B70D}.Debug|Any CPU.Build.0 = Debug|Any CPU
		{45BBB839-301C-49CA-B269-55AEC491B70D}.Debug|Any CPU.Deploy.0 = Debug|Any CPU
		{45BBB839-301C-49CA-B269-55AEC491B70D}.Release|Any CPU.ActiveCfg = Release|Any CPU
		{45BBB839-301C-49CA-B269-55AEC491B70D}.Release|Any CPU.Build.0 = Release|Any CPU
		{45BBB839-301C-49CA-B269-55AEC491B70D}.Release|Any CPU.Deploy.0 = Release|Any CPU
	EndGlobalSection
	GlobalSection(SolutionProperties) = preSolution
		HideSolutionNode = FALSE
	EndGlobalSection
	GlobalSection(ExtensibilityGlobals) = postSolution
		SolutionGuid = {26B39F76-5EE6-41C5-ADD0-6644468C73B9}
	EndGlobalSection
EndGlobal
